
Microsoft Visual Studio Solution File, Format Version 12.00
# Visual Studio Version 17
VisualStudioVersion = 17.3.32929.385
MinimumVisualStudioVersion = 10.0.40219.1
Project("{FAE04EC0-301F-11D3-BF4B-00C04F79EFBC}") = "WindowsFormsApp1", "WindowsFormsApp1\WindowsFormsApp1.csproj", "{DAD0FCE7-D5EB-4C66-9A97-DE42D4219630}"
EndProject
Global
	GlobalSection(SolutionConfigurationPlatforms) = preSolution
		Debug|Any CPU = Debug|Any CPU
		Release|Any CPU = Release|Any CPU
	EndGlobalSection
	GlobalSection(ProjectConfigurationPlatforms) = postSolution
		{DAD0FCE7-D5EB-4C66-9A97-DE42D4219630}.Debug|Any CPU.ActiveCfg = Debug|Any CPU
		{DAD0FCE7-D5EB-4C66-9A97-DE42D4219630}.Debug|Any CPU.Build.0 = Debug|Any CPU
		{DAD0FCE7-D5EB-4C66-9A97-DE42D4219630}.Release|Any CPU.ActiveCfg = Release|Any CPU
		{DAD0FCE7-D5EB-4C66-9A97-DE42D4219630}.Release|Any CPU.Build.0 = Release|Any CPU
	EndGlobalSection
	GlobalSection(SolutionProperties) = preSolution
		HideSolutionNode = FALSE
	EndGlobalSection
	GlobalSection(ExtensibilityGlobals) = postSolution
		SolutionGuid = {E912C820-5428-44D0-908B-00F51541CF01}
	EndGlobalSection
EndGlobal
